
Microsoft Visual Studio Solution File, Format Version 12.00
# Visual Studio Version 16
VisualStudioVersion = 16.0.31702.278
MinimumVisualStudioVersion = 10.0.40219.1
Project("{FAE04EC0-301F-11D3-BF4B-00C04F79EFBC}") = "BankAcc", "BankAcc\BankAcc.csproj", "{A8D96F9E-787D-4E14-BD61-5047F939DFAF}"
EndProject
Global
	GlobalSection(SolutionConfigurationPlatforms) = preSolution
		Debug|Any CPU = Debug|Any CPU
		Release|Any CPU = Release|Any CPU
	EndGlobalSection
	GlobalSection(ProjectConfigurationPlatforms) = postSolution
		{A8D96F9E-787D-4E14-BD61-5047F939DFAF}.Debug|Any CPU.ActiveCfg = Debug|Any CPU
		{A8D96F9E-787D-4E14-BD61-5047F939DFAF}.Debug|Any CPU.Build.0 = Debug|Any CPU
		{A8D96F9E-787D-4E14-BD61-5047F939DFAF}.Release|Any CPU.ActiveCfg = Release|Any CPU
		{A8D96F9E-787D-4E14-BD61-5047F939DFAF}.Release|Any CPU.Build.0 = Release|Any CPU
	EndGlobalSection
	GlobalSection(SolutionProperties) = preSolution
		HideSolutionNode = FALSE
	EndGlobalSection
	GlobalSection(ExtensibilityGlobals) = postSolution
		SolutionGuid = {9C7EC87C-6420-4724-A206-A6396D76C4C4}
	EndGlobalSection
EndGlobal
