
Microsoft Visual Studio Solution File, Format Version 12.00
# Visual Studio Version 17
VisualStudioVersion = 17.0.32112.339
MinimumVisualStudioVersion = 10.0.40219.1
Project("{9A19103F-16F7-4668-BE54-9A1E7A4F7556}") = "KTS.FileManager.Runner", "KTS.FileManager.Runner\KTS.FileManager.Runner.csproj", "{D0DE38D2-F700-4D54-A8A7-2E2D10BB798E}"
EndProject
Project("{9A19103F-16F7-4668-BE54-9A1E7A4F7556}") = "KTS.FileManager.Core", "KTS.FileManager.Core\KTS.FileManager.Core.csproj", "{3C90D986-3D53-4872-B012-F9A525B605B3}"
EndProject
Project("{9A19103F-16F7-4668-BE54-9A1E7A4F7556}") = "KTS.FileManager.Data", "KTS.FileManager.Data\KTS.FileManager.Data.csproj", "{119E73A3-07B0-4044-97DA-5A4E34C9373D}"
EndProject
Global
	GlobalSection(SolutionConfigurationPlatforms) = preSolution
		Debug|Any CPU = Debug|Any CPU
		Release|Any CPU = Release|Any CPU
	EndGlobalSection
	GlobalSection(ProjectConfigurationPlatforms) = postSolution
		{D0DE38D2-F700-4D54-A8A7-2E2D10BB798E}.Debug|Any CPU.ActiveCfg = Debug|Any CPU
		{D0DE38D2-F700-4D54-A8A7-2E2D10BB798E}.Debug|Any CPU.Build.0 = Debug|Any CPU
		{D0DE38D2-F700-4D54-A8A7-2E2D10BB798E}.Release|Any CPU.ActiveCfg = Release|Any CPU
		{D0DE38D2-F700-4D54-A8A7-2E2D10BB798E}.Release|Any CPU.Build.0 = Release|Any CPU
		{3C90D986-3D53-4872-B012-F9A525B605B3}.Debug|Any CPU.ActiveCfg = Debug|Any CPU
		{3C90D986-3D53-4872-B012-F9A525B605B3}.Debug|Any CPU.Build.0 = Debug|Any CPU
		{3C90D986-3D53-4872-B012-F9A525B605B3}.Release|Any CPU.ActiveCfg = Release|Any CPU
		{3C90D986-3D53-4872-B012-F9A525B605B3}.Release|Any CPU.Build.0 = Release|Any CPU
		{119E73A3-07B0-4044-97DA-5A4E34C9373D}.Debug|Any CPU.ActiveCfg = Debug|Any CPU
		{119E73A3-07B0-4044-97DA-5A4E34C9373D}.Debug|Any CPU.Build.0 = Debug|Any CPU
		{119E73A3-07B0-4044-97DA-5A4E34C9373D}.Release|Any CPU.ActiveCfg = Release|Any CPU
		{119E73A3-07B0-4044-97DA-5A4E34C9373D}.Release|Any CPU.Build.0 = Release|Any CPU
	EndGlobalSection
	GlobalSection(SolutionProperties) = preSolution
		HideSolutionNode = FALSE
	EndGlobalSection
	GlobalSection(ExtensibilityGlobals) = postSolution
		SolutionGuid = {1FEADEF9-7DF3-44E7-8EE7-45EB185D9D05}
	EndGlobalSection
EndGlobal
