
Microsoft Visual Studio Solution File, Format Version 12.00
# Visual Studio Version 16
VisualStudioVersion = 16.0.31702.278
MinimumVisualStudioVersion = 10.0.40219.1
Project("{FAE04EC0-301F-11D3-BF4B-00C04F79EFBC}") = "Building", "Building\Building.csproj", "{6AE2333D-CAE1-489A-ADC6-2851826E05E9}"
EndProject
Project("{FAE04EC0-301F-11D3-BF4B-00C04F79EFBC}") = "Part3", "Part3\Part3.csproj", "{FDC6C977-73F5-4AD1-88FC-1718504680F6}"
EndProject
Global
	GlobalSection(SolutionConfigurationPlatforms) = preSolution
		Debug|Any CPU = Debug|Any CPU
		Release|Any CPU = Release|Any CPU
	EndGlobalSection
	GlobalSection(ProjectConfigurationPlatforms) = postSolution
		{6AE2333D-CAE1-489A-ADC6-2851826E05E9}.Debug|Any CPU.ActiveCfg = Debug|Any CPU
		{6AE2333D-CAE1-489A-ADC6-2851826E05E9}.Debug|Any CPU.Build.0 = Debug|Any CPU
		{6AE2333D-CAE1-489A-ADC6-2851826E05E9}.Release|Any CPU.ActiveCfg = Release|Any CPU
		{6AE2333D-CAE1-489A-ADC6-2851826E05E9}.Release|Any CPU.Build.0 = Release|Any CPU
		{FDC6C977-73F5-4AD1-88FC-1718504680F6}.Debug|Any CPU.ActiveCfg = Debug|Any CPU
		{FDC6C977-73F5-4AD1-88FC-1718504680F6}.Debug|Any CPU.Build.0 = Debug|Any CPU
		{FDC6C977-73F5-4AD1-88FC-1718504680F6}.Release|Any CPU.ActiveCfg = Release|Any CPU
		{FDC6C977-73F5-4AD1-88FC-1718504680F6}.Release|Any CPU.Build.0 = Release|Any CPU
	EndGlobalSection
	GlobalSection(SolutionProperties) = preSolution
		HideSolutionNode = FALSE
	EndGlobalSection
	GlobalSection(ExtensibilityGlobals) = postSolution
		SolutionGuid = {829142D3-A07E-4668-A0C1-3B12193D121E}
	EndGlobalSection
EndGlobal
