
Microsoft Visual Studio Solution File, Format Version 12.00
# Visual Studio Version 16
VisualStudioVersion = 16.0.31702.278
MinimumVisualStudioVersion = 10.0.40219.1
Project("{FAE04EC0-301F-11D3-BF4B-00C04F79EFBC}") = "Lesson5", "Lesson5\Lesson5.csproj", "{C949117D-EEC6-4035-AF04-F37BEF35C68C}"
EndProject
Global
	GlobalSection(SolutionConfigurationPlatforms) = preSolution
		Debug|Any CPU = Debug|Any CPU
		Release|Any CPU = Release|Any CPU
	EndGlobalSection
	GlobalSection(ProjectConfigurationPlatforms) = postSolution
		{C949117D-EEC6-4035-AF04-F37BEF35C68C}.Debug|Any CPU.ActiveCfg = Debug|Any CPU
		{C949117D-EEC6-4035-AF04-F37BEF35C68C}.Debug|Any CPU.Build.0 = Debug|Any CPU
		{C949117D-EEC6-4035-AF04-F37BEF35C68C}.Release|Any CPU.ActiveCfg = Release|Any CPU
		{C949117D-EEC6-4035-AF04-F37BEF35C68C}.Release|Any CPU.Build.0 = Release|Any CPU
	EndGlobalSection
	GlobalSection(SolutionProperties) = preSolution
		HideSolutionNode = FALSE
	EndGlobalSection
	GlobalSection(ExtensibilityGlobals) = postSolution
		SolutionGuid = {EAAA7F73-97B6-418A-A3DF-D45D92E4AC59}
	EndGlobalSection
EndGlobal
